
Microsoft Visual Studio Solution File, Format Version 12.00
Project("{FAE04EC0-301F-11D3-BF4B-00C04F79EFBC}") = "Adapter.Api", "Adapter.Api\Adapter.Api.csproj", "{3A83B809-2B07-4B21-B3D6-2D492CEA5411}"
EndProject
Project("{FAE04EC0-301F-11D3-BF4B-00C04F79EFBC}") = "Core", "Core\Core.csproj", "{284225CE-4237-43E8-A415-4FFD6C74DCEE}"
EndProject
Project("{FAE04EC0-301F-11D3-BF4B-00C04F79EFBC}") = "Adapter.SQLLit", "Adapter.SQLLit\Adapter.SQLLit.csproj", "{71AF6BB6-748A-4CC1-98D3-85DABC9FBD80}"
EndProject
Project("{FAE04EC0-301F-11D3-BF4B-00C04F79EFBC}") = "Adapter.TemperatureCaptor", "Adapter.TemperatureCaptor\Adapter.TemperatureCaptor.csproj", "{58091935-2C01-46AC-A390-20DFB40A22E7}"
EndProject
Project("{2150E333-8FDC-42A3-9474-1A3956D46DE8}") = "test", "test", "{BFAB8764-01CD-4D30-A83E-0DE8736E28AB}"
EndProject
Project("{FAE04EC0-301F-11D3-BF4B-00C04F79EFBC}") = "Adapter.Api.Tests", "Adapter.Api.Tests\Adapter.Api.Tests.csproj", "{C783B90E-2025-41C0-829B-D3D3A4FE8093}"
EndProject
Project("{FAE04EC0-301F-11D3-BF4B-00C04F79EFBC}") = "Adapter.SQLLit.Tests", "Adapter.SQLLit.Tests\Adapter.SQLLit.Tests.csproj", "{770EFB38-62B5-4C2B-BFD0-EAE0A10B7595}"
EndProject
Project("{FAE04EC0-301F-11D3-BF4B-00C04F79EFBC}") = "Core.Tests", "Core.Tests\Core.Tests.csproj", "{CBE5C05F-F79C-426B-A7AA-CD7947E55972}"
EndProject
Global
	GlobalSection(SolutionConfigurationPlatforms) = preSolution
		Debug|Any CPU = Debug|Any CPU
		Release|Any CPU = Release|Any CPU
	EndGlobalSection
	GlobalSection(ProjectConfigurationPlatforms) = postSolution
		{3A83B809-2B07-4B21-B3D6-2D492CEA5411}.Debug|Any CPU.ActiveCfg = Debug|Any CPU
		{3A83B809-2B07-4B21-B3D6-2D492CEA5411}.Debug|Any CPU.Build.0 = Debug|Any CPU
		{3A83B809-2B07-4B21-B3D6-2D492CEA5411}.Release|Any CPU.ActiveCfg = Release|Any CPU
		{3A83B809-2B07-4B21-B3D6-2D492CEA5411}.Release|Any CPU.Build.0 = Release|Any CPU
		{284225CE-4237-43E8-A415-4FFD6C74DCEE}.Debug|Any CPU.ActiveCfg = Debug|Any CPU
		{284225CE-4237-43E8-A415-4FFD6C74DCEE}.Debug|Any CPU.Build.0 = Debug|Any CPU
		{284225CE-4237-43E8-A415-4FFD6C74DCEE}.Release|Any CPU.ActiveCfg = Release|Any CPU
		{284225CE-4237-43E8-A415-4FFD6C74DCEE}.Release|Any CPU.Build.0 = Release|Any CPU
		{71AF6BB6-748A-4CC1-98D3-85DABC9FBD80}.Debug|Any CPU.ActiveCfg = Debug|Any CPU
		{71AF6BB6-748A-4CC1-98D3-85DABC9FBD80}.Debug|Any CPU.Build.0 = Debug|Any CPU
		{71AF6BB6-748A-4CC1-98D3-85DABC9FBD80}.Release|Any CPU.ActiveCfg = Release|Any CPU
		{71AF6BB6-748A-4CC1-98D3-85DABC9FBD80}.Release|Any CPU.Build.0 = Release|Any CPU
		{58091935-2C01-46AC-A390-20DFB40A22E7}.Debug|Any CPU.ActiveCfg = Debug|Any CPU
		{58091935-2C01-46AC-A390-20DFB40A22E7}.Debug|Any CPU.Build.0 = Debug|Any CPU
		{58091935-2C01-46AC-A390-20DFB40A22E7}.Release|Any CPU.ActiveCfg = Release|Any CPU
		{58091935-2C01-46AC-A390-20DFB40A22E7}.Release|Any CPU.Build.0 = Release|Any CPU
		{C783B90E-2025-41C0-829B-D3D3A4FE8093}.Debug|Any CPU.ActiveCfg = Debug|Any CPU
		{C783B90E-2025-41C0-829B-D3D3A4FE8093}.Debug|Any CPU.Build.0 = Debug|Any CPU
		{C783B90E-2025-41C0-829B-D3D3A4FE8093}.Release|Any CPU.ActiveCfg = Release|Any CPU
		{C783B90E-2025-41C0-829B-D3D3A4FE8093}.Release|Any CPU.Build.0 = Release|Any CPU
		{770EFB38-62B5-4C2B-BFD0-EAE0A10B7595}.Debug|Any CPU.ActiveCfg = Debug|Any CPU
		{770EFB38-62B5-4C2B-BFD0-EAE0A10B7595}.Debug|Any CPU.Build.0 = Debug|Any CPU
		{770EFB38-62B5-4C2B-BFD0-EAE0A10B7595}.Release|Any CPU.ActiveCfg = Release|Any CPU
		{770EFB38-62B5-4C2B-BFD0-EAE0A10B7595}.Release|Any CPU.Build.0 = Release|Any CPU
		{CBE5C05F-F79C-426B-A7AA-CD7947E55972}.Debug|Any CPU.ActiveCfg = Debug|Any CPU
		{CBE5C05F-F79C-426B-A7AA-CD7947E55972}.Debug|Any CPU.Build.0 = Debug|Any CPU
		{CBE5C05F-F79C-426B-A7AA-CD7947E55972}.Release|Any CPU.ActiveCfg = Release|Any CPU
		{CBE5C05F-F79C-426B-A7AA-CD7947E55972}.Release|Any CPU.Build.0 = Release|Any CPU
	EndGlobalSection
	GlobalSection(NestedProjects) = preSolution
		{C783B90E-2025-41C0-829B-D3D3A4FE8093} = {BFAB8764-01CD-4D30-A83E-0DE8736E28AB}
		{770EFB38-62B5-4C2B-BFD0-EAE0A10B7595} = {BFAB8764-01CD-4D30-A83E-0DE8736E28AB}
		{CBE5C05F-F79C-426B-A7AA-CD7947E55972} = {BFAB8764-01CD-4D30-A83E-0DE8736E28AB}
	EndGlobalSection
EndGlobal
